{
    "_readme": [
        "This file locks the dependencies of your project to a known state",
        "Read more about it at https://getcomposer.org/doc/01-basic-usage.md#installing-dependencies",
        "This file is @generated automatically"
    ],
    "content-hash": "e0842769c97040e3235bab2940a038ff",
    "packages": [
        {
            "name": "samuelvi/spreadsheet-translator-core",
            "version": "dev-master",
            "dist": {
                "type": "path",
                "url": "../../Core",
                "reference": "7201cbda4fc126f773864b169f1d6847b2315cf1"
            },
            "require": {
                "php": ">=8.1"
            },
            "require-dev": {
                "phpstan/phpdoc-parser": "^2.3",
                "rector/rector": "2.1.4"
            },
            "type": "library",
            "autoload": {
                "psr-4": {
                    "Atico\\SpreadsheetTranslator\\Core\\": "./src"
                }
            },
            "license": [
                "MIT"
            ],
            "authors": [
                {
                    "name": "Samuel Vicent",
                    "email": "samuelvicent@gmail.com"
                }
            ],
            "description": "Spreadsheet Translator - Core Module",
            "homepage": "https://github.com/samuelvi/spreadsheet-translator-core",
            "keywords": [
                "spreadsheet translations core module"
            ],
            "transport-options": {
                "symlink": true,
                "relative": true
            }
        }
    ],
    "packages-dev": [
        {
            "name": "phpstan/phpstan",
            "version": "2.1.31",
            "dist": {
                "type": "zip",
                "url": "https://api.github.com/repos/phpstan/phpstan/zipball/ead89849d879fe203ce9292c6ef5e7e76f867b96",
                "reference": "ead89849d879fe203ce9292c6ef5e7e76f867b96",
                "shasum": ""
            },
            "require": {
                "php": "^7.4|^8.0"
            },
            "conflict": {
                "phpstan/phpstan-shim": "*"
            },
            "bin": [
                "phpstan",
                "phpstan.phar"
            ],
            "type": "library",
            "autoload": {
                "files": [
                    "bootstrap.php"
                ]
            },
            "notification-url": "https://packagist.org/downloads/",
            "license": [
                "MIT"
            ],
            "description": "PHPStan - PHP Static Analysis Tool",
            "keywords": [
                "dev",
                "static analysis"
            ],
            "support": {
                "docs": "https://phpstan.org/user-guide/getting-started",
                "forum": "https://github.com/phpstan/phpstan/discussions",
                "issues": "https://github.com/phpstan/phpstan/issues",
                "security": "https://github.com/phpstan/phpstan/security/policy",
                "source": "https://github.com/phpstan/phpstan-src"
            },
            "funding": [
                {
                    "url": "https://github.com/ondrejmirtes",
                    "type": "github"
                },
                {
                    "url": "https://github.com/phpstan",
                    "type": "github"
                }
            ],
            "time": "2025-10-10T14:14:11+00:00"
        },
        {
            "name": "rector/jack",
            "version": "0.2.9",
            "source": {
                "type": "git",
                "url": "https://github.com/rectorphp/jack.git",
                "reference": "6e1d62bdeebf38f44caf03b35058bbc42bd599cb"
            },
            "dist": {
                "type": "zip",
                "url": "https://api.github.com/repos/rectorphp/jack/zipball/6e1d62bdeebf38f44caf03b35058bbc42bd599cb",
                "reference": "6e1d62bdeebf38f44caf03b35058bbc42bd599cb",
                "shasum": ""
            },
            "require": {
                "php": ">=7.2"
            },
            "bin": [
                "bin/jack"
            ],
            "type": "library",
            "autoload": {
                "psr-4": {
                    "Rector\\SwissKnife\\": "src"
                }
            },
            "notification-url": "https://packagist.org/downloads/",
            "license": [
                "MIT"
            ],
            "description": "Swiss knife in pocket of every upgrade architect",
            "support": {
                "issues": "https://github.com/rectorphp/jack/issues",
                "source": "https://github.com/rectorphp/jack/tree/0.2.9"
            },
            "funding": [
                {
                    "url": "https://www.paypal.me/rectorphp",
                    "type": "custom"
                },
                {
                    "url": "https://github.com/tomasvotruba",
                    "type": "github"
                }
            ],
            "time": "2025-08-19T08:57:35+00:00"
        },
        {
            "name": "rector/rector",
            "version": "2.2.3",
            "source": {
                "type": "git",
                "url": "https://github.com/rectorphp/rector.git",
                "reference": "d27f976a332a87b5d03553c2e6f04adbe5da034f"
            },
            "dist": {
                "type": "zip",
                "url": "https://api.github.com/repos/rectorphp/rector/zipball/d27f976a332a87b5d03553c2e6f04adbe5da034f",
                "reference": "d27f976a332a87b5d03553c2e6f04adbe5da034f",
                "shasum": ""
            },
            "require": {
                "php": "^7.4|^8.0",
                "phpstan/phpstan": "^2.1.26"
            },
            "conflict": {
                "rector/rector-doctrine": "*",
                "rector/rector-downgrade-php": "*",
                "rector/rector-phpunit": "*",
                "rector/rector-symfony": "*"
            },
            "suggest": {
                "ext-dom": "To manipulate phpunit.xml via the custom-rule command"
            },
            "bin": [
                "bin/rector"
            ],
            "type": "library",
            "autoload": {
                "files": [
                    "bootstrap.php"
                ]
            },
            "notification-url": "https://packagist.org/downloads/",
            "license": [
                "MIT"
            ],
            "description": "Instant Upgrade and Automated Refactoring of any PHP code",
            "homepage": "https://getrector.com/",
            "keywords": [
                "automation",
                "dev",
                "migration",
                "refactoring"
            ],
            "support": {
                "issues": "https://github.com/rectorphp/rector/issues",
                "source": "https://github.com/rectorphp/rector/tree/2.2.3"
            },
            "funding": [
                {
                    "url": "https://github.com/tomasvotruba",
                    "type": "github"
                }
            ],
            "time": "2025-10-11T21:50:23+00:00"
        }
    ],
    "aliases": [],
    "minimum-stability": "stable",
    "stability-flags": {
        "samuelvi/spreadsheet-translator-core": 20
    },
    "prefer-stable": false,
    "prefer-lowest": false,
    "platform": {
        "php": ">=8.1"
    },
    "platform-dev": {},
    "plugin-api-version": "2.6.0"
}
